
Microsoft Visual Studio Solution File, Format Version 12.00
# Visual Studio 2013
VisualStudioVersion = 12.0.31101.0
MinimumVisualStudioVersion = 10.0.40219.1
Project("{FAE04EC0-301F-11D3-BF4B-00C04F79EFBC}") = "Launcher", "Launcher\Launcher.csproj", "{97DF98A6-9049-4DCE-99CB-537F26209FE0}"
EndProject
Project("{FAE04EC0-301F-11D3-BF4B-00C04F79EFBC}") = "AMLCore", "AMLCore\AMLCore.csproj", "{28E9ED24-3290-4302-946E-5FFAC448659E}"
EndProject
Project("{FAE04EC0-301F-11D3-BF4B-00C04F79EFBC}") = "AMLInjected", "AMLInjected\AMLInjected.csproj", "{563F7FD6-8A41-4B4C-90BB-165C6C99A077}"
EndProject
Global
	GlobalSection(SolutionConfigurationPlatforms) = preSolution
		Debug|Any CPU = Debug|Any CPU
		Release|Any CPU = Release|Any CPU
	EndGlobalSection
	GlobalSection(ProjectConfigurationPlatforms) = postSolution
		{97DF98A6-9049-4DCE-99CB-537F26209FE0}.Debug|Any CPU.ActiveCfg = Debug|Any CPU
		{97DF98A6-9049-4DCE-99CB-537F26209FE0}.Debug|Any CPU.Build.0 = Debug|Any CPU
		{97DF98A6-9049-4DCE-99CB-537F26209FE0}.Release|Any CPU.ActiveCfg = Release|Any CPU
		{97DF98A6-9049-4DCE-99CB-537F26209FE0}.Release|Any CPU.Build.0 = Release|Any CPU
		{28E9ED24-3290-4302-946E-5FFAC448659E}.Debug|Any CPU.ActiveCfg = Debug|Any CPU
		{28E9ED24-3290-4302-946E-5FFAC448659E}.Debug|Any CPU.Build.0 = Debug|Any CPU
		{28E9ED24-3290-4302-946E-5FFAC448659E}.Release|Any CPU.ActiveCfg = Release|Any CPU
		{28E9ED24-3290-4302-946E-5FFAC448659E}.Release|Any CPU.Build.0 = Release|Any CPU
		{563F7FD6-8A41-4B4C-90BB-165C6C99A077}.Debug|Any CPU.ActiveCfg = Debug|x86
		{563F7FD6-8A41-4B4C-90BB-165C6C99A077}.Debug|Any CPU.Build.0 = Debug|x86
		{563F7FD6-8A41-4B4C-90BB-165C6C99A077}.Release|Any CPU.ActiveCfg = Release|x86
	EndGlobalSection
	GlobalSection(SolutionProperties) = preSolution
		HideSolutionNode = FALSE
	EndGlobalSection
EndGlobal
